
Microsoft Visual Studio Solution File, Format Version 12.00
# Visual Studio Version 17
VisualStudioVersion = 17.0.31903.59
MinimumVisualStudioVersion = 10.0.40219.1
Project("{2150E333-8FDC-42A3-9474-1A3956D46DE8}") = "src", "src", "{F67CFBF9-9AE9-4D48-96A5-6D4A1DA77E59}"
EndProject
Project("{2150E333-8FDC-42A3-9474-1A3956D46DE8}") = "ProcessManager", "ProcessManager", "{CBBE6F88-A883-4F32-9682-2CFA45183472}"
EndProject
Project("{FAE04EC0-301F-11D3-BF4B-00C04F79EFBC}") = "NiallMaloney.ProcessManager.Service", "src\ProcessManager\NiallMaloney.ProcessManager.Service\NiallMaloney.ProcessManager.Service.csproj", "{B8208F3D-33DB-427C-A959-EF7B5BC1EA8B}"
EndProject
Project("{FAE04EC0-301F-11D3-BF4B-00C04F79EFBC}") = "NiallMaloney.ProcessManager.Cassandra", "src\ProcessManager\NiallMaloney.ProcessManager.Cassandra\NiallMaloney.ProcessManager.Cassandra.csproj", "{4E134E58-8170-4AED-8822-213585522605}"
EndProject
Global
	GlobalSection(SolutionConfigurationPlatforms) = preSolution
		Debug|Any CPU = Debug|Any CPU
		Release|Any CPU = Release|Any CPU
	EndGlobalSection
	GlobalSection(SolutionProperties) = preSolution
		HideSolutionNode = FALSE
	EndGlobalSection
	GlobalSection(ProjectConfigurationPlatforms) = postSolution
		{B8208F3D-33DB-427C-A959-EF7B5BC1EA8B}.Debug|Any CPU.ActiveCfg = Debug|Any CPU
		{B8208F3D-33DB-427C-A959-EF7B5BC1EA8B}.Debug|Any CPU.Build.0 = Debug|Any CPU
		{B8208F3D-33DB-427C-A959-EF7B5BC1EA8B}.Release|Any CPU.ActiveCfg = Release|Any CPU
		{B8208F3D-33DB-427C-A959-EF7B5BC1EA8B}.Release|Any CPU.Build.0 = Release|Any CPU
		{4E134E58-8170-4AED-8822-213585522605}.Debug|Any CPU.ActiveCfg = Debug|Any CPU
		{4E134E58-8170-4AED-8822-213585522605}.Debug|Any CPU.Build.0 = Debug|Any CPU
		{4E134E58-8170-4AED-8822-213585522605}.Release|Any CPU.ActiveCfg = Release|Any CPU
		{4E134E58-8170-4AED-8822-213585522605}.Release|Any CPU.Build.0 = Release|Any CPU
	EndGlobalSection
	GlobalSection(NestedProjects) = preSolution
		{CBBE6F88-A883-4F32-9682-2CFA45183472} = {F67CFBF9-9AE9-4D48-96A5-6D4A1DA77E59}
		{B8208F3D-33DB-427C-A959-EF7B5BC1EA8B} = {CBBE6F88-A883-4F32-9682-2CFA45183472}
		{4E134E58-8170-4AED-8822-213585522605} = {CBBE6F88-A883-4F32-9682-2CFA45183472}
	EndGlobalSection
EndGlobal
